
Microsoft Visual Studio Solution File, Format Version 12.00
# Visual Studio Version 16
VisualStudioVersion = 16.0.30804.86
MinimumVisualStudioVersion = 10.0.40219.1
Project("{9A19103F-16F7-4668-BE54-9A1E7A4F7556}") = "Auction.Core", "Auction.Core\Auction.Core.csproj", "{5BF0CED4-0FE2-4203-922E-69215E9F7535}"
EndProject
Project("{FAE04EC0-301F-11D3-BF4B-00C04F79EFBC}") = "Auction.Core.Tests", "Auction.Core.Tests\Auction.Core.Tests.csproj", "{EA97E3DD-E38B-4601-BC8A-BB1ADE77F01B}"
EndProject
Global
	GlobalSection(SolutionConfigurationPlatforms) = preSolution
		Debug|Any CPU = Debug|Any CPU
		Release|Any CPU = Release|Any CPU
	EndGlobalSection
	GlobalSection(ProjectConfigurationPlatforms) = postSolution
		{5BF0CED4-0FE2-4203-922E-69215E9F7535}.Debug|Any CPU.ActiveCfg = Debug|Any CPU
		{5BF0CED4-0FE2-4203-922E-69215E9F7535}.Debug|Any CPU.Build.0 = Debug|Any CPU
		{5BF0CED4-0FE2-4203-922E-69215E9F7535}.Release|Any CPU.ActiveCfg = Release|Any CPU
		{5BF0CED4-0FE2-4203-922E-69215E9F7535}.Release|Any CPU.Build.0 = Release|Any CPU
		{EA97E3DD-E38B-4601-BC8A-BB1ADE77F01B}.Debug|Any CPU.ActiveCfg = Debug|Any CPU
		{EA97E3DD-E38B-4601-BC8A-BB1ADE77F01B}.Debug|Any CPU.Build.0 = Debug|Any CPU
		{EA97E3DD-E38B-4601-BC8A-BB1ADE77F01B}.Release|Any CPU.ActiveCfg = Release|Any CPU
		{EA97E3DD-E38B-4601-BC8A-BB1ADE77F01B}.Release|Any CPU.Build.0 = Release|Any CPU
	EndGlobalSection
	GlobalSection(SolutionProperties) = preSolution
		HideSolutionNode = FALSE
	EndGlobalSection
	GlobalSection(ExtensibilityGlobals) = postSolution
		SolutionGuid = {EDAC42B0-9840-493A-B663-27272FFA2D7A}
	EndGlobalSection
EndGlobal
